
Microsoft Visual Studio Solution File, Format Version 12.00
# Visual Studio Version 17
VisualStudioVersion = 17.8.34525.116
MinimumVisualStudioVersion = 10.0.40219.1
Project("{9A19103F-16F7-4668-BE54-9A1E7A4F7556}") = "FitnessNotes.Server", "FitnessNotes.Server\FitnessNotes.Server.csproj", "{BAA26812-CBD9-465A-91F4-320BCD581953}"
EndProject
Project("{54A90642-561A-4BB1-A94E-469ADEE60C69}") = "fitnessnotes.client", "fitnessnotes.client\fitnessnotes.client.esproj", "{BD5027AE-DBA5-44A8-B5BD-2E8FB761C6AD}"
EndProject
Project("{9A19103F-16F7-4668-BE54-9A1E7A4F7556}") = "FitnessNotes.DataAccess", "FitnessNotes.DataAccess\FitnessNotes.DataAccess.csproj", "{87707A62-872C-4597-9C14-4EB34950EA44}"
	ProjectSection(ProjectDependencies) = postProject
		{335369D8-0CA3-41BD-A9B6-66B565343082} = {335369D8-0CA3-41BD-A9B6-66B565343082}
	EndProjectSection
EndProject
Project("{9A19103F-16F7-4668-BE54-9A1E7A4F7556}") = "FitnessNotes.BusinessLogic", "FitnessNotes.BusinessLogic\FitnessNotes.BusinessLogic.csproj", "{FF0FB3D9-62FF-4C8A-9BE6-5124F2959807}"
EndProject
Project("{9A19103F-16F7-4668-BE54-9A1E7A4F7556}") = "FitnessNotes.Common", "FitnessNotes.Common\FitnessNotes.Common.csproj", "{335369D8-0CA3-41BD-A9B6-66B565343082}"
EndProject
Global
	GlobalSection(SolutionConfigurationPlatforms) = preSolution
		Debug|Any CPU = Debug|Any CPU
		Release|Any CPU = Release|Any CPU
	EndGlobalSection
	GlobalSection(ProjectConfigurationPlatforms) = postSolution
		{BAA26812-CBD9-465A-91F4-320BCD581953}.Debug|Any CPU.ActiveCfg = Debug|Any CPU
		{BAA26812-CBD9-465A-91F4-320BCD581953}.Debug|Any CPU.Build.0 = Debug|Any CPU
		{BAA26812-CBD9-465A-91F4-320BCD581953}.Release|Any CPU.ActiveCfg = Release|Any CPU
		{BAA26812-CBD9-465A-91F4-320BCD581953}.Release|Any CPU.Build.0 = Release|Any CPU
		{BD5027AE-DBA5-44A8-B5BD-2E8FB761C6AD}.Debug|Any CPU.ActiveCfg = Debug|Any CPU
		{BD5027AE-DBA5-44A8-B5BD-2E8FB761C6AD}.Debug|Any CPU.Build.0 = Debug|Any CPU
		{BD5027AE-DBA5-44A8-B5BD-2E8FB761C6AD}.Debug|Any CPU.Deploy.0 = Debug|Any CPU
		{BD5027AE-DBA5-44A8-B5BD-2E8FB761C6AD}.Release|Any CPU.ActiveCfg = Release|Any CPU
		{BD5027AE-DBA5-44A8-B5BD-2E8FB761C6AD}.Release|Any CPU.Build.0 = Release|Any CPU
		{BD5027AE-DBA5-44A8-B5BD-2E8FB761C6AD}.Release|Any CPU.Deploy.0 = Release|Any CPU
		{87707A62-872C-4597-9C14-4EB34950EA44}.Debug|Any CPU.ActiveCfg = Debug|Any CPU
		{87707A62-872C-4597-9C14-4EB34950EA44}.Debug|Any CPU.Build.0 = Debug|Any CPU
		{87707A62-872C-4597-9C14-4EB34950EA44}.Release|Any CPU.ActiveCfg = Release|Any CPU
		{87707A62-872C-4597-9C14-4EB34950EA44}.Release|Any CPU.Build.0 = Release|Any CPU
		{FF0FB3D9-62FF-4C8A-9BE6-5124F2959807}.Debug|Any CPU.ActiveCfg = Debug|Any CPU
		{FF0FB3D9-62FF-4C8A-9BE6-5124F2959807}.Debug|Any CPU.Build.0 = Debug|Any CPU
		{FF0FB3D9-62FF-4C8A-9BE6-5124F2959807}.Release|Any CPU.ActiveCfg = Release|Any CPU
		{FF0FB3D9-62FF-4C8A-9BE6-5124F2959807}.Release|Any CPU.Build.0 = Release|Any CPU
		{335369D8-0CA3-41BD-A9B6-66B565343082}.Debug|Any CPU.ActiveCfg = Debug|Any CPU
		{335369D8-0CA3-41BD-A9B6-66B565343082}.Debug|Any CPU.Build.0 = Debug|Any CPU
		{335369D8-0CA3-41BD-A9B6-66B565343082}.Release|Any CPU.ActiveCfg = Release|Any CPU
		{335369D8-0CA3-41BD-A9B6-66B565343082}.Release|Any CPU.Build.0 = Release|Any CPU
	EndGlobalSection
	GlobalSection(SolutionProperties) = preSolution
		HideSolutionNode = FALSE
	EndGlobalSection
	GlobalSection(ExtensibilityGlobals) = postSolution
		SolutionGuid = {0BF09942-A88F-41D7-98B6-2A1B88CB54B3}
	EndGlobalSection
EndGlobal
